
Microsoft Visual Studio Solution File, Format Version 12.00
# Visual Studio Version 17
VisualStudioVersion = 17.2.32616.157
MinimumVisualStudioVersion = 10.0.40219.1
Project("{FAE04EC0-301F-11D3-BF4B-00C04F79EFBC}") = "CodeSnippets", "CodeSnippets\CodeSnippets.csproj", "{B1C6D331-746D-4F07-AF5C-4951ECE0D848}"
EndProject
Global
	GlobalSection(SolutionConfigurationPlatforms) = preSolution
		Debug|Any CPU = Debug|Any CPU
		Release|Any CPU = Release|Any CPU
	EndGlobalSection
	GlobalSection(ProjectConfigurationPlatforms) = postSolution
		{B1C6D331-746D-4F07-AF5C-4951ECE0D848}.Debug|Any CPU.ActiveCfg = Debug|Any CPU
		{B1C6D331-746D-4F07-AF5C-4951ECE0D848}.Debug|Any CPU.Build.0 = Debug|Any CPU
		{B1C6D331-746D-4F07-AF5C-4951ECE0D848}.Release|Any CPU.ActiveCfg = Release|Any CPU
		{B1C6D331-746D-4F07-AF5C-4951ECE0D848}.Release|Any CPU.Build.0 = Release|Any CPU
	EndGlobalSection
	GlobalSection(SolutionProperties) = preSolution
		HideSolutionNode = FALSE
	EndGlobalSection
	GlobalSection(ExtensibilityGlobals) = postSolution
		SolutionGuid = {90646301-A232-4450-8A3C-EE5AC9115CC3}
	EndGlobalSection
EndGlobal
